<?xml version="1.0" encoding="utf-8"?>
<Project ToolsVersion="4.0" xmlns="http://schemas.microsoft.com/developer/msbuild/2003">
  <ItemGroup>
    <ClCompile Include="all_main.cpp" />
    <ClCompile Include="source\color_polarizer.cpp">
      <Filter>Source Files\cref code</Filter>
    </ClCompile>
    <ClCompile Include="source\dynamic_defocus.cpp">
      <Filter>Source Files\cref code</Filter>
    </ClCompile>
    <ClCompile Include="source\gui_buttons.cpp">
      <Filter>Source Files\cref code</Filter>
    </ClCompile>
    <ClCompile Include="source\gui_sliders.cpp">
      <Filter>Source Files\cref code</Filter>
    </ClCompile>
    <ClCompile Include="source\test_learn.cpp">
      <Filter>Source Files\cpp code</Filter>
    </ClCompile>
    <ClCompile Include="source\old_movies.cpp">
      <Filter>Source Files\cref code</Filter>
    </ClCompile>
    <ClCompile Include="source\old_movies_2.cpp">
      <Filter>Source Files\cref code</Filter>
    </ClCompile>
  </ItemGroup>
  <ItemGroup>
    <Filter Include="Source Files">
      <UniqueIdentifier>{043a85d3-25ba-4758-89a8-d1955bd43181}</UniqueIdentifier>
    </Filter>
    <Filter Include="Include Files">
      <UniqueIdentifier>{2a427afe-13c9-49bc-bc45-4833e178150d}</UniqueIdentifier>
    </Filter>
    <Filter Include="Source Files\cuda code">
      <UniqueIdentifier>{d3bd40a1-0539-41f9-aad4-6cab3c9d0409}</UniqueIdentifier>
    </Filter>
    <Filter Include="Source Files\cpp code">
      <UniqueIdentifier>{58daed55-a02e-4fdc-8516-00f0497a0b7a}</UniqueIdentifier>
    </Filter>
    <Filter Include="Source Files\cref code">
      <UniqueIdentifier>{8deab081-38d3-4cdf-92b7-a43b5bd6fcae}</UniqueIdentifier>
    </Filter>
  </ItemGroup>
  <ItemGroup>
    <ClInclude Include="include\old_movies.hpp">
      <Filter>Include Files</Filter>
    </ClInclude>
    <ClInclude Include="include\old_movies.cuh">
      <Filter>Include Files</Filter>
    </ClInclude>
    <ClInclude Include="include\def_movies.h">
      <Filter>Include Files</Filter>
    </ClInclude>
    <ClInclude Include="tools_cuda_dinfo.h">
      <Filter>Include Files</Filter>
    </ClInclude>
  </ItemGroup>
  <ItemGroup>
    <CudaCompile Include="source_cuda\gaussian.cu">
      <Filter>Source Files\cuda code</Filter>
    </CudaCompile>
    <CudaCompile Include="source_cuda\mipmap_short.cu">
      <Filter>Source Files\cuda code</Filter>
    </CudaCompile>
    <CudaCompile Include="source_cuda\mipmap.cu">
      <Filter>Source Files\cuda code</Filter>
    </CudaCompile>
  </ItemGroup>
</Project>